
Microsoft Visual Studio Solution File, Format Version 12.00
Project("{FAE04EC0-301F-11D3-BF4B-00C04F79EFBC}") = "LearnBotVrk", "LearnBotVrk\LearnBotVrk.csproj", "{87DD8975-2654-41AF-855A-D947BABF6134}"
EndProject
Project("{FAE04EC0-301F-11D3-BF4B-00C04F79EFBC}") = "LearnBotServer", "LearnBotServer\LearnBotServer.csproj", "{EEAF9718-65CD-4997-B5D9-D85142A9D80C}"
EndProject
Global
	GlobalSection(SolutionConfigurationPlatforms) = preSolution
		Debug|Any CPU = Debug|Any CPU
		Release|Any CPU = Release|Any CPU
	EndGlobalSection
	GlobalSection(ProjectConfigurationPlatforms) = postSolution
		{87DD8975-2654-41AF-855A-D947BABF6134}.Debug|Any CPU.ActiveCfg = Debug|Any CPU
		{87DD8975-2654-41AF-855A-D947BABF6134}.Debug|Any CPU.Build.0 = Debug|Any CPU
		{87DD8975-2654-41AF-855A-D947BABF6134}.Release|Any CPU.ActiveCfg = Release|Any CPU
		{87DD8975-2654-41AF-855A-D947BABF6134}.Release|Any CPU.Build.0 = Release|Any CPU
		{EEAF9718-65CD-4997-B5D9-D85142A9D80C}.Debug|Any CPU.ActiveCfg = Debug|Any CPU
		{EEAF9718-65CD-4997-B5D9-D85142A9D80C}.Debug|Any CPU.Build.0 = Debug|Any CPU
		{EEAF9718-65CD-4997-B5D9-D85142A9D80C}.Release|Any CPU.ActiveCfg = Release|Any CPU
		{EEAF9718-65CD-4997-B5D9-D85142A9D80C}.Release|Any CPU.Build.0 = Release|Any CPU
	EndGlobalSection
EndGlobal
